// !$*UTF8*$!
{
	archiveVersion = 1;
	classes = {
	};
	objectVersion = 50;
	objects = {

/* Begin PBXBuildFile section */
		3BAC0620269B05370083DDFC /* AppDelegate.m in Sources */ = {isa = PBXBuildFile; fileRef = 3BAC061F269B05370083DDFC /* AppDelegate.m */; };
		3BAC0623269B05370083DDFC /* ViewController.m in Sources */ = {isa = PBXBuildFile; fileRef = 3BAC0622269B05370083DDFC /* ViewController.m */; };
		3BAC0625269B05370083DDFC /* Assets.xcassets in Resources */ = {isa = PBXBuildFile; fileRef = 3BAC0624269B05370083DDFC /* Assets.xcassets */; };
		3BAC0628269B05370083DDFC /* Main.storyboard in Resources */ = {isa = PBXBuildFile; fileRef = 3BAC0626269B05370083DDFC /* Main.storyboard */; };
		3BAC062B269B05370083DDFC /* main.m in Sources */ = {isa = PBXBuildFile; fileRef = 3BAC062A269B05370083DDFC /* main.m */; };
		3BAC0636269B05380083DDFC /* zkToolsTests.m in Sources */ = {isa = PBXBuildFile; fileRef = 3BAC0635269B05380083DDFC /* zkToolsTests.m */; };
		3BAC0641269B05380083DDFC /* zkToolsUITests.m in Sources */ = {isa = PBXBuildFile; fileRef = 3BAC0640269B05380083DDFC /* zkToolsUITests.m */; };
/* End PBXBuildFile section */

/* Begin PBXContainerItemProxy section */
		3BAC0632269B05380083DDFC /* PBXContainerItemProxy */ = {
			isa = PBXContainerItemProxy;
			containerPortal = 3BAC0613269B05370083DDFC /* Project object */;
			proxyType = 1;
			remoteGlobalIDString = 3BAC061A269B05370083DDFC;
			remoteInfo = zkTools;
		};
		3BAC063D269B05380083DDFC /* PBXContainerItemProxy */ = {
			isa = PBXContainerItemProxy;
			containerPortal = 3BAC0613269B05370083DDFC /* Project object */;
			proxyType = 1;
			remoteGlobalIDString = 3BAC061A269B05370083DDFC;
			remoteInfo = zkTools;
		};
/* End PBXContainerItemProxy section */

/* Begin PBXFileReference section */
		3BAC061B269B05370083DDFC /* zkTools.app */ = {isa = PBXFileReference; explicitFileType = wrapper.application; includeInIndex = 0; path = zkTools.app; sourceTree = BUILT_PRODUCTS_DIR; };
		3BAC061E269B05370083DDFC /* AppDelegate.h */ = {isa = PBXFileReference; lastKnownFileType = sourcecode.c.h; path = AppDelegate.h; sourceTree = "<group>"; };
		3BAC061F269B05370083DDFC /* AppDelegate.m */ = {isa = PBXFileReference; lastKnownFileType = sourcecode.c.objc; path = AppDelegate.m; sourceTree = "<group>"; };
		3BAC0621269B05370083DDFC /* ViewController.h */ = {isa = PBXFileReference; lastKnownFileType = sourcecode.c.h; path = ViewController.h; sourceTree = "<group>"; };
		3BAC0622269B05370083DDFC /* ViewController.m */ = {isa = PBXFileReference; lastKnownFileType = sourcecode.c.objc; path = ViewController.m; sourceTree = "<group>"; };
		3BAC0624269B05370083DDFC /* Assets.xcassets */ = {isa = PBXFileReference; lastKnownFileType = folder.assetcatalog; path = Assets.xcassets; sourceTree = "<group>"; };
		3BAC0627269B05370083DDFC /* Base */ = {isa = PBXFileReference; lastKnownFileType = file.storyboard; name = Base; path = Base.lproj/Main.storyboard; sourceTree = "<group>"; };
		3BAC0629269B05370083DDFC /* Info.plist */ = {isa = PBXFileReference; lastKnownFileType = text.plist.xml; path = Info.plist; sourceTree = "<group>"; };
		3BAC062A269B05370083DDFC /* main.m */ = {isa = PBXFileReference; lastKnownFileType = sourcecode.c.objc; path = main.m; sourceTree = "<group>"; };
		3BAC062C269B05370083DDFC /* zkTools.entitlements */ = {isa = PBXFileReference; lastKnownFileType = text.plist.entitlements; path = zkTools.entitlements; sourceTree = "<group>"; };
		3BAC0631269B05380083DDFC /* zkToolsTests.xctest */ = {isa = PBXFileReference; explicitFileType = wrapper.cfbundle; includeInIndex = 0; path = zkToolsTests.xctest; sourceTree = BUILT_PRODUCTS_DIR; };
		3BAC0635269B05380083DDFC /* zkToolsTests.m */ = {isa = PBXFileReference; lastKnownFileType = sourcecode.c.objc; path = zkToolsTests.m; sourceTree = "<group>"; };
		3BAC0637269B05380083DDFC /* Info.plist */ = {isa = PBXFileReference; lastKnownFileType = text.plist.xml; path = Info.plist; sourceTree = "<group>"; };
		3BAC063C269B05380083DDFC /* zkToolsUITests.xctest */ = {isa = PBXFileReference; explicitFileType = wrapper.cfbundle; includeInIndex = 0; path = zkToolsUITests.xctest; sourceTree = BUILT_PRODUCTS_DIR; };
		3BAC0640269B05380083DDFC /* zkToolsUITests.m */ = {isa = PBXFileReference; lastKnownFileType = sourcecode.c.objc; path = zkToolsUITests.m; sourceTree = "<group>"; };
		3BAC0642269B05380083DDFC /* Info.plist */ = {isa = PBXFileReference; lastKnownFileType = text.plist.xml; path = Info.plist; sourceTree = "<group>"; };
/* End PBXFileReference section */

/* Begin PBXFrameworksBuildPhase section */
		3BAC0618269B05370083DDFC /* Frameworks */ = {
			isa = PBXFrameworksBuildPhase;
			buildActionMask = 2147483647;
			files = (
			);
			runOnlyForDeploymentPostprocessing = 0;
		};
		3BAC062E269B05380083DDFC /* Frameworks */ = {
			isa = PBXFrameworksBuildPhase;
			buildActionMask = 2147483647;
			files = (
			);
			runOnlyForDeploymentPostprocessing = 0;
		};
		3BAC0639269B05380083DDFC /* Frameworks */ = {
			isa = PBXFrameworksBuildPhase;
			buildActionMask = 2147483647;
			files = (
			);
			runOnlyForDeploymentPostprocessing = 0;
		};
/* End PBXFrameworksBuildPhase section */

/* Begin PBXGroup section */
		3BAC0612269B05370083DDFC = {
			isa = PBXGroup;
			children = (
				3BAC061D269B05370083DDFC /* zkTools */,
				3BAC0634269B05380083DDFC /* zkToolsTests */,
				3BAC063F269B05380083DDFC /* zkToolsUITests */,
				3BAC061C269B05370083DDFC /* Products */,
			);
			sourceTree = "<group>";
		};
		3BAC061C269B05370083DDFC /* Products */ = {
			isa = PBXGroup;
			children = (
				3BAC061B269B05370083DDFC /* zkTools.app */,
				3BAC0631269B05380083DDFC /* zkToolsTests.xctest */,
				3BAC063C269B05380083DDFC /* zkToolsUITests.xctest */,
			);
			name = Products;
			sourceTree = "<group>";
		};
		3BAC061D269B05370083DDFC /* zkTools */ = {
			isa = PBXGroup;
			children = (
				3BAC061E269B05370083DDFC /* AppDelegate.h */,
				3BAC061F269B05370083DDFC /* AppDelegate.m */,
				3BAC0621269B05370083DDFC /* ViewController.h */,
				3BAC0622269B05370083DDFC /* ViewController.m */,
				3BAC0624269B05370083DDFC /* Assets.xcassets */,
				3BAC0626269B05370083DDFC /* Main.storyboard */,
				3BAC0629269B05370083DDFC /* Info.plist */,
				3BAC062A269B05370083DDFC /* main.m */,
				3BAC062C269B05370083DDFC /* zkTools.entitlements */,
			);
			path = zkTools;
			sourceTree = "<group>";
		};
		3BAC0634269B05380083DDFC /* zkToolsTests */ = {
			isa = PBXGroup;
			children = (
				3BAC0635269B05380083DDFC /* zkToolsTests.m */,
				3BAC0637269B05380083DDFC /* Info.plist */,
			);
			path = zkToolsTests;
			sourceTree = "<group>";
		};
		3BAC063F269B05380083DDFC /* zkToolsUITests */ = {
			isa = PBXGroup;
			children = (
				3BAC0640269B05380083DDFC /* zkToolsUITests.m */,
				3BAC0642269B05380083DDFC /* Info.plist */,
			);
			path = zkToolsUITests;
			sourceTree = "<group>";
		};
/* End PBXGroup section */

/* Begin PBXNativeTarget section */
		3BAC061A269B05370083DDFC /* zkTools */ = {
			isa = PBXNativeTarget;
			buildConfigurationList = 3BAC0645269B05380083DDFC /* Build configuration list for PBXNativeTarget "zkTools" */;
			buildPhases = (
				3BAC0617269B05370083DDFC /* Sources */,
				3BAC0618269B05370083DDFC /* Frameworks */,
				3BAC0619269B05370083DDFC /* Resources */,
			);
			buildRules = (
			);
			dependencies = (
			);
			name = zkTools;
			productName = zkTools;
			productReference = 3BAC061B269B05370083DDFC /* zkTools.app */;
			productType = "com.apple.product-type.application";
		};
		3BAC0630269B05380083DDFC /* zkToolsTests */ = {
			isa = PBXNativeTarget;
			buildConfigurationList = 3BAC0648269B05380083DDFC /* Build configuration list for PBXNativeTarget "zkToolsTests" */;
			buildPhases = (
				3BAC062D269B05380083DDFC /* Sources */,
				3BAC062E269B05380083DDFC /* Frameworks */,
				3BAC062F269B05380083DDFC /* Resources */,
			);
			buildRules = (
			);
			dependencies = (
				3BAC0633269B05380083DDFC /* PBXTargetDependency */,
			);
			name = zkToolsTests;
			productName = zkToolsTests;
			productReference = 3BAC0631269B05380083DDFC /* zkToolsTests.xctest */;
			productType = "com.apple.product-type.bundle.unit-test";
		};
		3BAC063B269B05380083DDFC /* zkToolsUITests */ = {
			isa = PBXNativeTarget;
			buildConfigurationList = 3BAC064B269B05380083DDFC /* Build configuration list for PBXNativeTarget "zkToolsUITests" */;
			buildPhases = (
				3BAC0638269B05380083DDFC /* Sources */,
				3BAC0639269B05380083DDFC /* Frameworks */,
				3BAC063A269B05380083DDFC /* Resources */,
			);
			buildRules = (
			);
			dependencies = (
				3BAC063E269B05380083DDFC /* PBXTargetDependency */,
			);
			name = zkToolsUITests;
			productName = zkToolsUITests;
			productReference = 3BAC063C269B05380083DDFC /* zkToolsUITests.xctest */;
			productType = "com.apple.product-type.bundle.ui-testing";
		};
/* End PBXNativeTarget section */

/* Begin PBXProject section */
		3BAC0613269B05370083DDFC /* Project object */ = {
			isa = PBXProject;
			attributes = {
				LastUpgradeCheck = 1250;
				TargetAttributes = {
					3BAC061A269B05370083DDFC = {
						CreatedOnToolsVersion = 12.5.1;
					};
					3BAC0630269B05380083DDFC = {
						CreatedOnToolsVersion = 12.5.1;
						TestTargetID = 3BAC061A269B05370083DDFC;
					};
					3BAC063B269B05380083DDFC = {
						CreatedOnToolsVersion = 12.5.1;
						TestTargetID = 3BAC061A269B05370083DDFC;
					};
				};
			};
			buildConfigurationList = 3BAC0616269B05370083DDFC /* Build configuration list for PBXProject "zkTools" */;
			compatibilityVersion = "Xcode 9.3";
			developmentRegion = en;
			hasScannedForEncodings = 0;
			knownRegions = (
				en,
				Base,
			);
			mainGroup = 3BAC0612269B05370083DDFC;
			productRefGroup = 3BAC061C269B05370083DDFC /* Products */;
			projectDirPath = "";
			projectRoot = "";
			targets = (
				3BAC061A269B05370083DDFC /* zkTools */,
				3BAC0630269B05380083DDFC /* zkToolsTests */,
				3BAC063B269B05380083DDFC /* zkToolsUITests */,
			);
		};
/* End PBXProject section */

/* Begin PBXResourcesBuildPhase section */
		3BAC0619269B05370083DDFC /* Resources */ = {
			isa = PBXResourcesBuildPhase;
			buildActionMask = 2147483647;
			files = (
				3BAC0625269B05370083DDFC /* Assets.xcassets in Resources */,
				3BAC0628269B05370083DDFC /* Main.storyboard in Resources */,
			);
			runOnlyForDeploymentPostprocessing = 0;
		};
		3BAC062F269B05380083DDFC /* Resources */ = {
			isa = PBXResourcesBuildPhase;
			buildActionMask = 2147483647;
			files = (
			);
			runOnlyForDeploymentPostprocessing = 0;
		};
		3BAC063A269B05380083DDFC /* Resources */ = {
			isa = PBXResourcesBuildPhase;
			buildActionMask = 2147483647;
			files = (
			);
			runOnlyForDeploymentPostprocessing = 0;
		};
/* End PBXResourcesBuildPhase section */

/* Begin PBXSourcesBuildPhase section */
		3BAC0617269B05370083DDFC /* Sources */ = {
			isa = PBXSourcesBuildPhase;
			buildActionMask = 2147483647;
			files = (
				3BAC0623269B05370083DDFC /* ViewController.m in Sources */,
				3BAC062B269B05370083DDFC /* main.m in Sources */,
				3BAC0620269B05370083DDFC /* AppDelegate.m in Sources */,
			);
			runOnlyForDeploymentPostprocessing = 0;
		};
		3BAC062D269B05380083DDFC /* Sources */ = {
			isa = PBXSourcesBuildPhase;
			buildActionMask = 2147483647;
			files = (
				3BAC0636269B05380083DDFC /* zkToolsTests.m in Sources */,
			);
			runOnlyForDeploymentPostprocessing = 0;
		};
		3BAC0638269B05380083DDFC /* Sources */ = {
			isa = PBXSourcesBuildPhase;
			buildActionMask = 2147483647;
			files = (
				3BAC0641269B05380083DDFC /* zkToolsUITests.m in Sources */,
			);
			runOnlyForDeploymentPostprocessing = 0;
		};
/* End PBXSourcesBuildPhase section */

/* Begin PBXTargetDependency section */
		3BAC0633269B05380083DDFC /* PBXTargetDependency */ = {
			isa = PBXTargetDependency;
			target = 3BAC061A269B05370083DDFC /* zkTools */;
			targetProxy = 3BAC0632269B05380083DDFC /* PBXContainerItemProxy */;
		};
		3BAC063E269B05380083DDFC /* PBXTargetDependency */ = {
			isa = PBXTargetDependency;
			target = 3BAC061A269B05370083DDFC /* zkTools */;
			targetProxy = 3BAC063D269B05380083DDFC /* PBXContainerItemProxy */;
		};
/* End PBXTargetDependency section */

/* Begin PBXVariantGroup section */
		3BAC0626269B05370083DDFC /* Main.storyboard */ = {
			isa = PBXVariantGroup;
			children = (
				3BAC0627269B05370083DDFC /* Base */,
			);
			name = Main.storyboard;
			sourceTree = "<group>";
		};
/* End PBXVariantGroup section */

/* Begin XCBuildConfiguration section */
		3BAC0643269B05380083DDFC /* Debug */ = {
			isa = XCBuildConfiguration;
			buildSettings = {
				ALWAYS_SEARCH_USER_PATHS = NO;
				CLANG_ANALYZER_NONNULL = YES;
				CLANG_ANALYZER_NUMBER_OBJECT_CONVERSION = YES_AGGRESSIVE;
				CLANG_CXX_LANGUAGE_STANDARD = "gnu++14";
				CLANG_CXX_LIBRARY = "libc++";
				CLANG_ENABLE_MODULES = YES;
				CLANG_ENABLE_OBJC_ARC = YES;
				CLANG_ENABLE_OBJC_WEAK = YES;
				CLANG_WARN_BLOCK_CAPTURE_AUTORELEASING = YES;
				CLANG_WARN_BOOL_CONVERSION = YES;
				CLANG_WARN_COMMA = YES;
				CLANG_WARN_CONSTANT_CONVERSION = YES;
				CLANG_WARN_DEPRECATED_OBJC_IMPLEMENTATIONS = YES;
				CLANG_WARN_DIRECT_OBJC_ISA_USAGE = YES_ERROR;
				CLANG_WARN_DOCUMENTATION_COMMENTS = YES;
				CLANG_WARN_EMPTY_BODY = YES;
				CLANG_WARN_ENUM_CONVERSION = YES;
				CLANG_WARN_INFINITE_RECURSION = YES;
				CLANG_WARN_INT_CONVERSION = YES;
				CLANG_WARN_NON_LITERAL_NULL_CONVERSION = YES;
				CLANG_WARN_OBJC_IMPLICIT_RETAIN_SELF = YES;
				CLANG_WARN_OBJC_LITERAL_CONVERSION = YES;
				CLANG_WARN_OBJC_ROOT_CLASS = YES_ERROR;
				CLANG_WARN_QUOTED_INCLUDE_IN_FRAMEWORK_HEADER = YES;
				CLANG_WARN_RANGE_LOOP_ANALYSIS = YES;
				CLANG_WARN_STRICT_PROTOTYPES = YES;
				CLANG_WARN_SUSPICIOUS_MOVE = YES;
				CLANG_WARN_UNGUARDED_AVAILABILITY = YES_AGGRESSIVE;
				CLANG_WARN_UNREACHABLE_CODE = YES;
				CLANG_WARN__DUPLICATE_METHOD_MATCH = YES;
				COPY_PHASE_STRIP = NO;
				DEBUG_INFORMATION_FORMAT = dwarf;
				ENABLE_STRICT_OBJC_MSGSEND = YES;
				ENABLE_TESTABILITY = YES;
				GCC_C_LANGUAGE_STANDARD = gnu11;
				GCC_DYNAMIC_NO_PIC = NO;
				GCC_NO_COMMON_BLOCKS = YES;
				GCC_OPTIMIZATION_LEVEL = 0;
				GCC_PREPROCESSOR_DEFINITIONS = (
					"DEBUG=1",
					"$(inherited)",
				);
				GCC_WARN_64_TO_32_BIT_CONVERSION = YES;
				GCC_WARN_ABOUT_RETURN_TYPE = YES_ERROR;
				GCC_WARN_UNDECLARED_SELECTOR = YES;
				GCC_WARN_UNINITIALIZED_AUTOS = YES_AGGRESSIVE;
				GCC_WARN_UNUSED_FUNCTION = YES;
				GCC_WARN_UNUSED_VARIABLE = YES;
				MACOSX_DEPLOYMENT_TARGET = 11.3;
				MTL_ENABLE_DEBUG_INFO = INCLUDE_SOURCE;
				MTL_FAST_MATH = YES;
				ONLY_ACTIVE_ARCH = YES;
				SDKROOT = macosx;
			};
			name = Debug;
		};
		3BAC0644269B05380083DDFC /* Release */ = {
			isa = XCBuildConfiguration;
			buildSettings = {
				ALWAYS_SEARCH_USER_PATHS = NO;
				CLANG_ANALYZER_NONNULL = YES;
				CLANG_ANALYZER_NUMBER_OBJECT_CONVERSION = YES_AGGRESSIVE;
				CLANG_CXX_LANGUAGE_STANDARD = "gnu++14";
				CLANG_CXX_LIBRARY = "libc++";
				CLANG_ENABLE_MODULES = YES;
				CLANG_ENABLE_OBJC_ARC = YES;
				CLANG_ENABLE_OBJC_WEAK = YES;
				CLANG_WARN_BLOCK_CAPTURE_AUTORELEASING = YES;
				CLANG_WARN_BOOL_CONVERSION = YES;
				CLANG_WARN_COMMA = YES;
				CLANG_WARN_CONSTANT_CONVERSION = YES;
				CLANG_WARN_DEPRECATED_OBJC_IMPLEMENTATIONS = YES;
				CLANG_WARN_DIRECT_OBJC_ISA_USAGE = YES_ERROR;
				CLANG_WARN_DOCUMENTATION_COMMENTS = YES;
				CLANG_WARN_EMPTY_BODY = YES;
				CLANG_WARN_ENUM_CONVERSION = YES;
				CLANG_WARN_INFINITE_RECURSION = YES;
				CLANG_WARN_INT_CONVERSION = YES;
				CLANG_WARN_NON_LITERAL_NULL_CONVERSION = YES;
				CLANG_WARN_OBJC_IMPLICIT_RETAIN_SELF = YES;
				CLANG_WARN_OBJC_LITERAL_CONVERSION = YES;
				CLANG_WARN_OBJC_ROOT_CLASS = YES_ERROR;
				CLANG_WARN_QUOTED_INCLUDE_IN_FRAMEWORK_HEADER = YES;
				CLANG_WARN_RANGE_LOOP_ANALYSIS = YES;
				CLANG_WARN_STRICT_PROTOTYPES = YES;
				CLANG_WARN_SUSPICIOUS_MOVE = YES;
				CLANG_WARN_UNGUARDED_AVAILABILITY = YES_AGGRESSIVE;
				CLANG_WARN_UNREACHABLE_CODE = YES;
				CLANG_WARN__DUPLICATE_METHOD_MATCH = YES;
				COPY_PHASE_STRIP = NO;
				DEBUG_INFORMATION_FORMAT = "dwarf-with-dsym";
				ENABLE_NS_ASSERTIONS = NO;
				ENABLE_STRICT_OBJC_MSGSEND = YES;
				GCC_C_LANGUAGE_STANDARD = gnu11;
				GCC_NO_COMMON_BLOCKS = YES;
				GCC_WARN_64_TO_32_BIT_CONVERSION = YES;
				GCC_WARN_ABOUT_RETURN_TYPE = YES_ERROR;
				GCC_WARN_UNDECLARED_SELECTOR = YES;
				GCC_WARN_UNINITIALIZED_AUTOS = YES_AGGRESSIVE;
				GCC_WARN_UNUSED_FUNCTION = YES;
				GCC_WARN_UNUSED_VARIABLE = YES;
				MACOSX_DEPLOYMENT_TARGET = 11.3;
				MTL_ENABLE_DEBUG_INFO = NO;
				MTL_FAST_MATH = YES;
				SDKROOT = macosx;
			};
			name = Release;
		};
		3BAC0646269B05380083DDFC /* Debug */ = {
			isa = XCBuildConfiguration;
			buildSettings = {
				ASSETCATALOG_COMPILER_APPICON_NAME = AppIcon;
				ASSETCATALOG_COMPILER_GLOBAL_ACCENT_COLOR_NAME = AccentColor;
				CODE_SIGN_ENTITLEMENTS = zkTools/zkTools.entitlements;
				CODE_SIGN_STYLE = Automatic;
				COMBINE_HIDPI_IMAGES = YES;
				DEVELOPMENT_TEAM = 8Q4VNP8YUX;
				ENABLE_HARDENED_RUNTIME = YES;
				INFOPLIST_FILE = zkTools/Info.plist;
				LD_RUNPATH_SEARCH_PATHS = (
					"$(inherited)",
					"@executable_path/../Frameworks",
				);
				PRODUCT_BUNDLE_IDENTIFIER = cn.nimitz.zkTools.zkTools;
				PRODUCT_NAME = "$(TARGET_NAME)";
			};
			name = Debug;
		};
		3BAC0647269B05380083DDFC /* Release */ = {
			isa = XCBuildConfiguration;
			buildSettings = {
				ASSETCATALOG_COMPILER_APPICON_NAME = AppIcon;
				ASSETCATALOG_COMPILER_GLOBAL_ACCENT_COLOR_NAME = AccentColor;
				CODE_SIGN_ENTITLEMENTS = zkTools/zkTools.entitlements;
				CODE_SIGN_STYLE = Automatic;
				COMBINE_HIDPI_IMAGES = YES;
				DEVELOPMENT_TEAM = 8Q4VNP8YUX;
				ENABLE_HARDENED_RUNTIME = YES;
				INFOPLIST_FILE = zkTools/Info.plist;
				LD_RUNPATH_SEARCH_PATHS = (
					"$(inherited)",
					"@executable_path/../Frameworks",
				);
				PRODUCT_BUNDLE_IDENTIFIER = cn.nimitz.zkTools.zkTools;
				PRODUCT_NAME = "$(TARGET_NAME)";
			};
			name = Release;
		};
		3BAC0649269B05380083DDFC /* Debug */ = {
			isa = XCBuildConfiguration;
			buildSettings = {
				BUNDLE_LOADER = "$(TEST_HOST)";
				CODE_SIGN_STYLE = Automatic;
				COMBINE_HIDPI_IMAGES = YES;
				DEVELOPMENT_TEAM = 8Q4VNP8YUX;
				INFOPLIST_FILE = zkToolsTests/Info.plist;
				LD_RUNPATH_SEARCH_PATHS = (
					"$(inherited)",
					"@executable_path/../Frameworks",
					"@loader_path/../Frameworks",
				);
				MACOSX_DEPLOYMENT_TARGET = 11.3;
				PRODUCT_BUNDLE_IDENTIFIER = cn.nimitz.zkTools.zkToolsTests;
				PRODUCT_NAME = "$(TARGET_NAME)";
				TEST_HOST = "$(BUILT_PRODUCTS_DIR)/zkTools.app/Contents/MacOS/zkTools";
			};
			name = Debug;
		};
		3BAC064A269B05380083DDFC /* Release */ = {
			isa = XCBuildConfiguration;
			buildSettings = {
				BUNDLE_LOADER = "$(TEST_HOST)";
				CODE_SIGN_STYLE = Automatic;
				COMBINE_HIDPI_IMAGES = YES;
				DEVELOPMENT_TEAM = 8Q4VNP8YUX;
				INFOPLIST_FILE = zkToolsTests/Info.plist;
				LD_RUNPATH_SEARCH_PATHS = (
					"$(inherited)",
					"@executable_path/../Frameworks",
					"@loader_path/../Frameworks",
				);
				MACOSX_DEPLOYMENT_TARGET = 11.3;
				PRODUCT_BUNDLE_IDENTIFIER = cn.nimitz.zkTools.zkToolsTests;
				PRODUCT_NAME = "$(TARGET_NAME)";
				TEST_HOST = "$(BUILT_PRODUCTS_DIR)/zkTools.app/Contents/MacOS/zkTools";
			};
			name = Release;
		};
		3BAC064C269B05380083DDFC /* Debug */ = {
			isa = XCBuildConfiguration;
			buildSettings = {
				CODE_SIGN_STYLE = Automatic;
				COMBINE_HIDPI_IMAGES = YES;
				DEVELOPMENT_TEAM = 8Q4VNP8YUX;
				INFOPLIST_FILE = zkToolsUITests/Info.plist;
				LD_RUNPATH_SEARCH_PATHS = (
					"$(inherited)",
					"@executable_path/../Frameworks",
					"@loader_path/../Frameworks",
				);
				PRODUCT_BUNDLE_IDENTIFIER = cn.nimitz.zkTools.zkToolsUITests;
				PRODUCT_NAME = "$(TARGET_NAME)";
				TEST_TARGET_NAME = zkTools;
			};
			name = Debug;
		};
		3BAC064D269B05380083DDFC /* Release */ = {
			isa = XCBuildConfiguration;
			buildSettings = {
				CODE_SIGN_STYLE = Automatic;
				COMBINE_HIDPI_IMAGES = YES;
				DEVELOPMENT_TEAM = 8Q4VNP8YUX;
				INFOPLIST_FILE = zkToolsUITests/Info.plist;
				LD_RUNPATH_SEARCH_PATHS = (
					"$(inherited)",
					"@executable_path/../Frameworks",
					"@loader_path/../Frameworks",
				);
				PRODUCT_BUNDLE_IDENTIFIER = cn.nimitz.zkTools.zkToolsUITests;
				PRODUCT_NAME = "$(TARGET_NAME)";
				TEST_TARGET_NAME = zkTools;
			};
			name = Release;
		};
/* End XCBuildConfiguration section */

/* Begin XCConfigurationList section */
		3BAC0616269B05370083DDFC /* Build configuration list for PBXProject "zkTools" */ = {
			isa = XCConfigurationList;
			buildConfigurations = (
				3BAC0643269B05380083DDFC /* Debug */,
				3BAC0644269B05380083DDFC /* Release */,
			);
			defaultConfigurationIsVisible = 0;
			defaultConfigurationName = Release;
		};
		3BAC0645269B05380083DDFC /* Build configuration list for PBXNativeTarget "zkTools" */ = {
			isa = XCConfigurationList;
			buildConfigurations = (
				3BAC0646269B05380083DDFC /* Debug */,
				3BAC0647269B05380083DDFC /* Release */,
			);
			defaultConfigurationIsVisible = 0;
			defaultConfigurationName = Release;
		};
		3BAC0648269B05380083DDFC /* Build configuration list for PBXNativeTarget "zkToolsTests" */ = {
			isa = XCConfigurationList;
			buildConfigurations = (
				3BAC0649269B05380083DDFC /* Debug */,
				3BAC064A269B05380083DDFC /* Release */,
			);
			defaultConfigurationIsVisible = 0;
			defaultConfigurationName = Release;
		};
		3BAC064B269B05380083DDFC /* Build configuration list for PBXNativeTarget "zkToolsUITests" */ = {
			isa = XCConfigurationList;
			buildConfigurations = (
				3BAC064C269B05380083DDFC /* Debug */,
				3BAC064D269B05380083DDFC /* Release */,
			);
			defaultConfigurationIsVisible = 0;
			defaultConfigurationName = Release;
		};
/* End XCConfigurationList section */
	};
	rootObject = 3BAC0613269B05370083DDFC /* Project object */;
}
